
Microsoft Visual Studio Solution File, Format Version 12.00
# Visual Studio Version 17
VisualStudioVersion = 17.9.34616.47
MinimumVisualStudioVersion = 10.0.40219.1
Project("{9A19103F-16F7-4668-BE54-9A1E7A4F7556}") = "CybsClass.EntityModels.Sqlite", "CybsClass.EntityModels.Sqlite\CybsClass.EntityModels.Sqlite.csproj", "{4E067A9E-CB09-4471-993C-99C57E2BE84C}"
EndProject
Project("{9A19103F-16F7-4668-BE54-9A1E7A4F7556}") = "CybsClass.DataContext.Sqlite", "CybsClass.DataContext.Sqlite\CybsClass.DataContext.Sqlite.csproj", "{F488B2BB-C6F3-4F6D-86A6-49F8F5326756}"
EndProject
Project("{9A19103F-16F7-4668-BE54-9A1E7A4F7556}") = "CybsClass.WebApi.Service", "CybsClass.WebApi.Service\CybsClass.WebApi.Service.csproj", "{0768FEE5-DB91-4F23-A4A2-6233878D69B9}"
EndProject
Project("{FAE04EC0-301F-11D3-BF4B-00C04F79EFBC}") = "CybsClass.Cybersource", "CybsClass.Cybersource\CybsClass.Cybersource.csproj", "{E92F6591-B1B5-4119-B37E-94650CFFE810}"
EndProject
Global
	GlobalSection(SolutionConfigurationPlatforms) = preSolution
		Debug|Any CPU = Debug|Any CPU
		Release|Any CPU = Release|Any CPU
	EndGlobalSection
	GlobalSection(ProjectConfigurationPlatforms) = postSolution
		{4E067A9E-CB09-4471-993C-99C57E2BE84C}.Debug|Any CPU.ActiveCfg = Debug|Any CPU
		{4E067A9E-CB09-4471-993C-99C57E2BE84C}.Debug|Any CPU.Build.0 = Debug|Any CPU
		{4E067A9E-CB09-4471-993C-99C57E2BE84C}.Release|Any CPU.ActiveCfg = Release|Any CPU
		{4E067A9E-CB09-4471-993C-99C57E2BE84C}.Release|Any CPU.Build.0 = Release|Any CPU
		{F488B2BB-C6F3-4F6D-86A6-49F8F5326756}.Debug|Any CPU.ActiveCfg = Debug|Any CPU
		{F488B2BB-C6F3-4F6D-86A6-49F8F5326756}.Debug|Any CPU.Build.0 = Debug|Any CPU
		{F488B2BB-C6F3-4F6D-86A6-49F8F5326756}.Release|Any CPU.ActiveCfg = Release|Any CPU
		{F488B2BB-C6F3-4F6D-86A6-49F8F5326756}.Release|Any CPU.Build.0 = Release|Any CPU
		{0768FEE5-DB91-4F23-A4A2-6233878D69B9}.Debug|Any CPU.ActiveCfg = Debug|Any CPU
		{0768FEE5-DB91-4F23-A4A2-6233878D69B9}.Debug|Any CPU.Build.0 = Debug|Any CPU
		{0768FEE5-DB91-4F23-A4A2-6233878D69B9}.Release|Any CPU.ActiveCfg = Release|Any CPU
		{0768FEE5-DB91-4F23-A4A2-6233878D69B9}.Release|Any CPU.Build.0 = Release|Any CPU
		{E92F6591-B1B5-4119-B37E-94650CFFE810}.Debug|Any CPU.ActiveCfg = Debug|Any CPU
		{E92F6591-B1B5-4119-B37E-94650CFFE810}.Debug|Any CPU.Build.0 = Debug|Any CPU
		{E92F6591-B1B5-4119-B37E-94650CFFE810}.Release|Any CPU.ActiveCfg = Release|Any CPU
		{E92F6591-B1B5-4119-B37E-94650CFFE810}.Release|Any CPU.Build.0 = Release|Any CPU
	EndGlobalSection
	GlobalSection(SolutionProperties) = preSolution
		HideSolutionNode = FALSE
	EndGlobalSection
	GlobalSection(ExtensibilityGlobals) = postSolution
		SolutionGuid = {83068C34-F086-44A4-BF02-37AB6D6F92AF}
	EndGlobalSection
EndGlobal
